
Microsoft Visual Studio Solution File, Format Version 12.00
# Visual Studio Version 17
VisualStudioVersion = 17.14.36301.6 d17.14
MinimumVisualStudioVersion = 10.0.40219.1
Project("{FAE04EC0-301F-11D3-BF4B-00C04F79EFBC}") = "GaussianPawnSpawner", "GaussianPawnSpawner\GaussianPawnSpawner.csproj", "{D8E7B5A9-8E37-46DB-8A5D-97A357A572B9}"
EndProject
Global
	GlobalSection(SolutionConfigurationPlatforms) = preSolution
		Debug|Any CPU = Debug|Any CPU
		Release|Any CPU = Release|Any CPU
	EndGlobalSection
	GlobalSection(ProjectConfigurationPlatforms) = postSolution
		{D8E7B5A9-8E37-46DB-8A5D-97A357A572B9}.Debug|Any CPU.ActiveCfg = Debug|Any CPU
		{D8E7B5A9-8E37-46DB-8A5D-97A357A572B9}.Debug|Any CPU.Build.0 = Debug|Any CPU
		{D8E7B5A9-8E37-46DB-8A5D-97A357A572B9}.Release|Any CPU.ActiveCfg = Release|Any CPU
		{D8E7B5A9-8E37-46DB-8A5D-97A357A572B9}.Release|Any CPU.Build.0 = Release|Any CPU
	EndGlobalSection
	GlobalSection(SolutionProperties) = preSolution
		HideSolutionNode = FALSE
	EndGlobalSection
	GlobalSection(ExtensibilityGlobals) = postSolution
		SolutionGuid = {0983839C-4FB6-44C1-B03D-4AC5E17BE878}
	EndGlobalSection
EndGlobal
